
Microsoft Visual Studio Solution File, Format Version 12.00
# Visual Studio Version 17
VisualStudioVersion = 17.5.002.0
MinimumVisualStudioVersion = 10.0.40219.1
Project("{2150E333-8FDC-42A3-9474-1A3956D46DE8}") = "prepare", "prepare", "{46F5673B-28E8-406F-82B3-85468A32F6ED}"
EndProject
Project("{9A19103F-16F7-4668-BE54-9A1E7A4F7556}") = "Learning02", "prepare\Learning02\Learning02.csproj", "{0C4569EA-1235-45F9-98A0-DD6CEAB51D79}"
EndProject
Project("{9A19103F-16F7-4668-BE54-9A1E7A4F7556}") = "Learning05", "prepare\Learning05\Learning05.csproj", "{090C099F-215E-4EDE-AE15-508FF4B21C72}"
EndProject
Project("{9A19103F-16F7-4668-BE54-9A1E7A4F7556}") = "Learning04", "prepare\Learning04\Learning04.csproj", "{4AB81AD2-3A63-43C6-8CF7-5234C98E8D9F}"
EndProject
Project("{9A19103F-16F7-4668-BE54-9A1E7A4F7556}") = "Learning03", "prepare\Learning03\Learning03.csproj", "{720A1A35-B1F7-4F23-848F-F384BAECD3F2}"
EndProject
Project("{2150E333-8FDC-42A3-9474-1A3956D46DE8}") = "prove", "prove", "{1E00AEC2-8591-49C2-A87D-07762BD11AA4}"
EndProject
Project("{9A19103F-16F7-4668-BE54-9A1E7A4F7556}") = "Develop03", "prove\Develop03\Develop03.csproj", "{F5EDD236-2476-4667-8A8C-6F194EA81153}"
EndProject
Project("{9A19103F-16F7-4668-BE54-9A1E7A4F7556}") = "Develop04", "prove\Develop04\Develop04.csproj", "{115A8094-3808-4183-A63B-3E95DC1B7B42}"
EndProject
Project("{9A19103F-16F7-4668-BE54-9A1E7A4F7556}") = "Develop05", "prove\Develop05\Develop05.csproj", "{0F90A830-D211-4E57-A8DB-C4ACADF274E5}"
EndProject
Project("{9A19103F-16F7-4668-BE54-9A1E7A4F7556}") = "Develop02", "prove\Develop02\Develop02.csproj", "{D758B228-5688-496A-9444-8D106F3096D6}"
EndProject
Project("{2150E333-8FDC-42A3-9474-1A3956D46DE8}") = "sandbox", "sandbox", "{9E4CB34C-9FB3-4627-BF48-F9E4908FA04D}"
EndProject
Project("{9A19103F-16F7-4668-BE54-9A1E7A4F7556}") = "Sandbox", "sandbox\Sandbox\Sandbox.csproj", "{A41E60B9-BF6D-4A35-A9E7-DFDDCD2B977B}"
EndProject
Project("{2150E333-8FDC-42A3-9474-1A3956D46DE8}") = "final", "final", "{277C1CFA-175E-4A10-A00B-F7212187747D}"
EndProject
Project("{9A19103F-16F7-4668-BE54-9A1E7A4F7556}") = "FinalProject", "final\FinalProject\FinalProject.csproj", "{6B563E6C-BC2C-40E6-A6A3-0B9AB7526A95}"
EndProject
Project("{9A19103F-16F7-4668-BE54-9A1E7A4F7556}") = "Foundation1", "final\Foundation1\Foundation1.csproj", "{3501767E-5393-42B6-8CF3-339183DD070B}"
EndProject
Project("{9A19103F-16F7-4668-BE54-9A1E7A4F7556}") = "Foundation4", "final\Foundation4\Foundation4.csproj", "{674D0A9F-1AAF-4430-B4D1-1FE39EE95998}"
EndProject
Project("{9A19103F-16F7-4668-BE54-9A1E7A4F7556}") = "Foundation3", "final\Foundation3\Foundation3.csproj", "{0DABC700-FFCD-4F38-B12C-5D6B20482E30}"
EndProject
Project("{9A19103F-16F7-4668-BE54-9A1E7A4F7556}") = "Foundation2", "final\Foundation2\Foundation2.csproj", "{7425D844-EBCD-4C16-8058-ABF44D154C32}"
EndProject
Project("{2150E333-8FDC-42A3-9474-1A3956D46DE8}") = "csharp-prep", "csharp-prep", "{828D8995-60BD-4E30-A6EF-7E2FD70C327D}"
EndProject
Project("{9A19103F-16F7-4668-BE54-9A1E7A4F7556}") = "Prep1", "csharp-prep\Prep1\Prep1.csproj", "{6AFC161D-0AE1-46AC-BA84-AB9768DBACB0}"
EndProject
Project("{9A19103F-16F7-4668-BE54-9A1E7A4F7556}") = "Prep5", "csharp-prep\Prep5\Prep5.csproj", "{1783776C-FBBC-4CC0-8114-9F1D633FA4EB}"
EndProject
Project("{9A19103F-16F7-4668-BE54-9A1E7A4F7556}") = "Prep2", "csharp-prep\Prep2\Prep2.csproj", "{0C6FE7F6-0504-4232-A209-10E25B9F47C6}"
EndProject
Project("{9A19103F-16F7-4668-BE54-9A1E7A4F7556}") = "Prep3", "csharp-prep\Prep3\Prep3.csproj", "{3994BB4F-5DEE-4360-AB82-453BA437F2CD}"
EndProject
Project("{9A19103F-16F7-4668-BE54-9A1E7A4F7556}") = "Prep4", "csharp-prep\Prep4\Prep4.csproj", "{14D911DD-DB39-4932-9B3A-1A3878F02B0C}"
EndProject
Global
	GlobalSection(SolutionConfigurationPlatforms) = preSolution
		Debug|Any CPU = Debug|Any CPU
		Release|Any CPU = Release|Any CPU
	EndGlobalSection
	GlobalSection(ProjectConfigurationPlatforms) = postSolution
		{0C4569EA-1235-45F9-98A0-DD6CEAB51D79}.Debug|Any CPU.ActiveCfg = Debug|Any CPU
		{0C4569EA-1235-45F9-98A0-DD6CEAB51D79}.Debug|Any CPU.Build.0 = Debug|Any CPU
		{0C4569EA-1235-45F9-98A0-DD6CEAB51D79}.Release|Any CPU.ActiveCfg = Release|Any CPU
		{0C4569EA-1235-45F9-98A0-DD6CEAB51D79}.Release|Any CPU.Build.0 = Release|Any CPU
		{090C099F-215E-4EDE-AE15-508FF4B21C72}.Debug|Any CPU.ActiveCfg = Debug|Any CPU
		{090C099F-215E-4EDE-AE15-508FF4B21C72}.Debug|Any CPU.Build.0 = Debug|Any CPU
		{090C099F-215E-4EDE-AE15-508FF4B21C72}.Release|Any CPU.ActiveCfg = Release|Any CPU
		{090C099F-215E-4EDE-AE15-508FF4B21C72}.Release|Any CPU.Build.0 = Release|Any CPU
		{4AB81AD2-3A63-43C6-8CF7-5234C98E8D9F}.Debug|Any CPU.ActiveCfg = Debug|Any CPU
		{4AB81AD2-3A63-43C6-8CF7-5234C98E8D9F}.Debug|Any CPU.Build.0 = Debug|Any CPU
		{4AB81AD2-3A63-43C6-8CF7-5234C98E8D9F}.Release|Any CPU.ActiveCfg = Release|Any CPU
		{4AB81AD2-3A63-43C6-8CF7-5234C98E8D9F}.Release|Any CPU.Build.0 = Release|Any CPU
		{720A1A35-B1F7-4F23-848F-F384BAECD3F2}.Debug|Any CPU.ActiveCfg = Debug|Any CPU
		{720A1A35-B1F7-4F23-848F-F384BAECD3F2}.Debug|Any CPU.Build.0 = Debug|Any CPU
		{720A1A35-B1F7-4F23-848F-F384BAECD3F2}.Release|Any CPU.ActiveCfg = Release|Any CPU
		{720A1A35-B1F7-4F23-848F-F384BAECD3F2}.Release|Any CPU.Build.0 = Release|Any CPU
		{F5EDD236-2476-4667-8A8C-6F194EA81153}.Debug|Any CPU.ActiveCfg = Debug|Any CPU
		{F5EDD236-2476-4667-8A8C-6F194EA81153}.Debug|Any CPU.Build.0 = Debug|Any CPU
		{F5EDD236-2476-4667-8A8C-6F194EA81153}.Release|Any CPU.ActiveCfg = Release|Any CPU
		{F5EDD236-2476-4667-8A8C-6F194EA81153}.Release|Any CPU.Build.0 = Release|Any CPU
		{115A8094-3808-4183-A63B-3E95DC1B7B42}.Debug|Any CPU.ActiveCfg = Debug|Any CPU
		{115A8094-3808-4183-A63B-3E95DC1B7B42}.Debug|Any CPU.Build.0 = Debug|Any CPU
		{115A8094-3808-4183-A63B-3E95DC1B7B42}.Release|Any CPU.ActiveCfg = Release|Any CPU
		{115A8094-3808-4183-A63B-3E95DC1B7B42}.Release|Any CPU.Build.0 = Release|Any CPU
		{0F90A830-D211-4E57-A8DB-C4ACADF274E5}.Debug|Any CPU.ActiveCfg = Debug|Any CPU
		{0F90A830-D211-4E57-A8DB-C4ACADF274E5}.Debug|Any CPU.Build.0 = Debug|Any CPU
		{0F90A830-D211-4E57-A8DB-C4ACADF274E5}.Release|Any CPU.ActiveCfg = Release|Any CPU
		{0F90A830-D211-4E57-A8DB-C4ACADF274E5}.Release|Any CPU.Build.0 = Release|Any CPU
		{D758B228-5688-496A-9444-8D106F3096D6}.Debug|Any CPU.ActiveCfg = Debug|Any CPU
		{D758B228-5688-496A-9444-8D106F3096D6}.Debug|Any CPU.Build.0 = Debug|Any CPU
		{D758B228-5688-496A-9444-8D106F3096D6}.Release|Any CPU.ActiveCfg = Release|Any CPU
		{D758B228-5688-496A-9444-8D106F3096D6}.Release|Any CPU.Build.0 = Release|Any CPU
		{A41E60B9-BF6D-4A35-A9E7-DFDDCD2B977B}.Debug|Any CPU.ActiveCfg = Debug|Any CPU
		{A41E60B9-BF6D-4A35-A9E7-DFDDCD2B977B}.Debug|Any CPU.Build.0 = Debug|Any CPU
		{A41E60B9-BF6D-4A35-A9E7-DFDDCD2B977B}.Release|Any CPU.ActiveCfg = Release|Any CPU
		{A41E60B9-BF6D-4A35-A9E7-DFDDCD2B977B}.Release|Any CPU.Build.0 = Release|Any CPU
		{6B563E6C-BC2C-40E6-A6A3-0B9AB7526A95}.Debug|Any CPU.ActiveCfg = Debug|Any CPU
		{6B563E6C-BC2C-40E6-A6A3-0B9AB7526A95}.Debug|Any CPU.Build.0 = Debug|Any CPU
		{6B563E6C-BC2C-40E6-A6A3-0B9AB7526A95}.Release|Any CPU.ActiveCfg = Release|Any CPU
		{6B563E6C-BC2C-40E6-A6A3-0B9AB7526A95}.Release|Any CPU.Build.0 = Release|Any CPU
		{3501767E-5393-42B6-8CF3-339183DD070B}.Debug|Any CPU.ActiveCfg = Debug|Any CPU
		{3501767E-5393-42B6-8CF3-339183DD070B}.Debug|Any CPU.Build.0 = Debug|Any CPU
		{3501767E-5393-42B6-8CF3-339183DD070B}.Release|Any CPU.ActiveCfg = Release|Any CPU
		{3501767E-5393-42B6-8CF3-339183DD070B}.Release|Any CPU.Build.0 = Release|Any CPU
		{674D0A9F-1AAF-4430-B4D1-1FE39EE95998}.Debug|Any CPU.ActiveCfg = Debug|Any CPU
		{674D0A9F-1AAF-4430-B4D1-1FE39EE95998}.Debug|Any CPU.Build.0 = Debug|Any CPU
		{674D0A9F-1AAF-4430-B4D1-1FE39EE95998}.Release|Any CPU.ActiveCfg = Release|Any CPU
		{674D0A9F-1AAF-4430-B4D1-1FE39EE95998}.Release|Any CPU.Build.0 = Release|Any CPU
		{0DABC700-FFCD-4F38-B12C-5D6B20482E30}.Debug|Any CPU.ActiveCfg = Debug|Any CPU
		{0DABC700-FFCD-4F38-B12C-5D6B20482E30}.Debug|Any CPU.Build.0 = Debug|Any CPU
		{0DABC700-FFCD-4F38-B12C-5D6B20482E30}.Release|Any CPU.ActiveCfg = Release|Any CPU
		{0DABC700-FFCD-4F38-B12C-5D6B20482E30}.Release|Any CPU.Build.0 = Release|Any CPU
		{7425D844-EBCD-4C16-8058-ABF44D154C32}.Debug|Any CPU.ActiveCfg = Debug|Any CPU
		{7425D844-EBCD-4C16-8058-ABF44D154C32}.Debug|Any CPU.Build.0 = Debug|Any CPU
		{7425D844-EBCD-4C16-8058-ABF44D154C32}.Release|Any CPU.ActiveCfg = Release|Any CPU
		{7425D844-EBCD-4C16-8058-ABF44D154C32}.Release|Any CPU.Build.0 = Release|Any CPU
		{6AFC161D-0AE1-46AC-BA84-AB9768DBACB0}.Debug|Any CPU.ActiveCfg = Debug|Any CPU
		{6AFC161D-0AE1-46AC-BA84-AB9768DBACB0}.Debug|Any CPU.Build.0 = Debug|Any CPU
		{6AFC161D-0AE1-46AC-BA84-AB9768DBACB0}.Release|Any CPU.ActiveCfg = Release|Any CPU
		{6AFC161D-0AE1-46AC-BA84-AB9768DBACB0}.Release|Any CPU.Build.0 = Release|Any CPU
		{1783776C-FBBC-4CC0-8114-9F1D633FA4EB}.Debug|Any CPU.ActiveCfg = Debug|Any CPU
		{1783776C-FBBC-4CC0-8114-9F1D633FA4EB}.Debug|Any CPU.Build.0 = Debug|Any CPU
		{1783776C-FBBC-4CC0-8114-9F1D633FA4EB}.Release|Any CPU.ActiveCfg = Release|Any CPU
		{1783776C-FBBC-4CC0-8114-9F1D633FA4EB}.Release|Any CPU.Build.0 = Release|Any CPU
		{0C6FE7F6-0504-4232-A209-10E25B9F47C6}.Debug|Any CPU.ActiveCfg = Debug|Any CPU
		{0C6FE7F6-0504-4232-A209-10E25B9F47C6}.Debug|Any CPU.Build.0 = Debug|Any CPU
		{0C6FE7F6-0504-4232-A209-10E25B9F47C6}.Release|Any CPU.ActiveCfg = Release|Any CPU
		{0C6FE7F6-0504-4232-A209-10E25B9F47C6}.Release|Any CPU.Build.0 = Release|Any CPU
		{3994BB4F-5DEE-4360-AB82-453BA437F2CD}.Debug|Any CPU.ActiveCfg = Debug|Any CPU
		{3994BB4F-5DEE-4360-AB82-453BA437F2CD}.Debug|Any CPU.Build.0 = Debug|Any CPU
		{3994BB4F-5DEE-4360-AB82-453BA437F2CD}.Release|Any CPU.ActiveCfg = Release|Any CPU
		{3994BB4F-5DEE-4360-AB82-453BA437F2CD}.Release|Any CPU.Build.0 = Release|Any CPU
		{14D911DD-DB39-4932-9B3A-1A3878F02B0C}.Debug|Any CPU.ActiveCfg = Debug|Any CPU
		{14D911DD-DB39-4932-9B3A-1A3878F02B0C}.Debug|Any CPU.Build.0 = Debug|Any CPU
		{14D911DD-DB39-4932-9B3A-1A3878F02B0C}.Release|Any CPU.ActiveCfg = Release|Any CPU
		{14D911DD-DB39-4932-9B3A-1A3878F02B0C}.Release|Any CPU.Build.0 = Release|Any CPU
	EndGlobalSection
	GlobalSection(SolutionProperties) = preSolution
		HideSolutionNode = FALSE
	EndGlobalSection
	GlobalSection(NestedProjects) = preSolution
		{0C4569EA-1235-45F9-98A0-DD6CEAB51D79} = {46F5673B-28E8-406F-82B3-85468A32F6ED}
		{090C099F-215E-4EDE-AE15-508FF4B21C72} = {46F5673B-28E8-406F-82B3-85468A32F6ED}
		{4AB81AD2-3A63-43C6-8CF7-5234C98E8D9F} = {46F5673B-28E8-406F-82B3-85468A32F6ED}
		{720A1A35-B1F7-4F23-848F-F384BAECD3F2} = {46F5673B-28E8-406F-82B3-85468A32F6ED}
		{F5EDD236-2476-4667-8A8C-6F194EA81153} = {1E00AEC2-8591-49C2-A87D-07762BD11AA4}
		{115A8094-3808-4183-A63B-3E95DC1B7B42} = {1E00AEC2-8591-49C2-A87D-07762BD11AA4}
		{0F90A830-D211-4E57-A8DB-C4ACADF274E5} = {1E00AEC2-8591-49C2-A87D-07762BD11AA4}
		{D758B228-5688-496A-9444-8D106F3096D6} = {1E00AEC2-8591-49C2-A87D-07762BD11AA4}
		{A41E60B9-BF6D-4A35-A9E7-DFDDCD2B977B} = {9E4CB34C-9FB3-4627-BF48-F9E4908FA04D}
		{6B563E6C-BC2C-40E6-A6A3-0B9AB7526A95} = {277C1CFA-175E-4A10-A00B-F7212187747D}
		{3501767E-5393-42B6-8CF3-339183DD070B} = {277C1CFA-175E-4A10-A00B-F7212187747D}
		{674D0A9F-1AAF-4430-B4D1-1FE39EE95998} = {277C1CFA-175E-4A10-A00B-F7212187747D}
		{0DABC700-FFCD-4F38-B12C-5D6B20482E30} = {277C1CFA-175E-4A10-A00B-F7212187747D}
		{7425D844-EBCD-4C16-8058-ABF44D154C32} = {277C1CFA-175E-4A10-A00B-F7212187747D}
		{6AFC161D-0AE1-46AC-BA84-AB9768DBACB0} = {828D8995-60BD-4E30-A6EF-7E2FD70C327D}
		{1783776C-FBBC-4CC0-8114-9F1D633FA4EB} = {828D8995-60BD-4E30-A6EF-7E2FD70C327D}
		{0C6FE7F6-0504-4232-A209-10E25B9F47C6} = {828D8995-60BD-4E30-A6EF-7E2FD70C327D}
		{3994BB4F-5DEE-4360-AB82-453BA437F2CD} = {828D8995-60BD-4E30-A6EF-7E2FD70C327D}
		{14D911DD-DB39-4932-9B3A-1A3878F02B0C} = {828D8995-60BD-4E30-A6EF-7E2FD70C327D}
	EndGlobalSection
	GlobalSection(ExtensibilityGlobals) = postSolution
		SolutionGuid = {1732FBB5-9C48-4B54-99CF-FB874415E2C0}
	EndGlobalSection
EndGlobal
